// !$*UTF8*$!
{
	archiveVersion = 1;
	classes = {
	};
	objectVersion = 56;
	objects = {

/* Begin PBXBuildFile section */
		350AF0932A3661210096C895 /* ProductView.swift in Sources */ = {isa = PBXBuildFile; fileRef = 350AF0922A3661210096C895 /* ProductView.swift */; };
		351816402A35D35F00FFA9E8 /* Product.swift in Sources */ = {isa = PBXBuildFile; fileRef = 3518163F2A35D35F00FFA9E8 /* Product.swift */; };
		352FBE8C29F8FCF900E0D8BA /* CartView.swift in Sources */ = {isa = PBXBuildFile; fileRef = 352FBE8B29F8FCF900E0D8BA /* CartView.swift */; };
		352FBE8E29F8FE2600E0D8BA /* CartElementView.swift in Sources */ = {isa = PBXBuildFile; fileRef = 352FBE8D29F8FE2600E0D8BA /* CartElementView.swift */; };
		352FBE9229F918F300E0D8BA /* User.swift in Sources */ = {isa = PBXBuildFile; fileRef = 352FBE9129F918F300E0D8BA /* User.swift */; };
		352FBEB929F9254500E0D8BA /* SignInViewModel.swift in Sources */ = {isa = PBXBuildFile; fileRef = 352FBEB829F9254500E0D8BA /* SignInViewModel.swift */; };
		352FBEBB29F92AA700E0D8BA /* ContentViewViewModel.swift in Sources */ = {isa = PBXBuildFile; fileRef = 352FBEBA29F92AA700E0D8BA /* ContentViewViewModel.swift */; };
		352FBEBD29F9317700E0D8BA /* LogInViewViewModel.swift in Sources */ = {isa = PBXBuildFile; fileRef = 352FBEBC29F9317700E0D8BA /* LogInViewViewModel.swift */; };
		3544D3862A31149800FCE6DF /* View+extension.swift in Sources */ = {isa = PBXBuildFile; fileRef = 3544D3852A31149800FCE6DF /* View+extension.swift */; };
		3544D3892A31246000FCE6DF /* NetworkManager.swift in Sources */ = {isa = PBXBuildFile; fileRef = 3544D3882A31246000FCE6DF /* NetworkManager.swift */; };
		3544D38B2A3125FA00FCE6DF /* LatestsModel.swift in Sources */ = {isa = PBXBuildFile; fileRef = 3544D38A2A3125FA00FCE6DF /* LatestsModel.swift */; };
		35832E4A29F7C90B0000B38E /* AwesomeStoreApp.swift in Sources */ = {isa = PBXBuildFile; fileRef = 35832E4929F7C90B0000B38E /* AwesomeStoreApp.swift */; };
		35832E4C29F7C90B0000B38E /* SignInView.swift in Sources */ = {isa = PBXBuildFile; fileRef = 35832E4B29F7C90B0000B38E /* SignInView.swift */; };
		35832E4E29F7C90E0000B38E /* Assets.xcassets in Resources */ = {isa = PBXBuildFile; fileRef = 35832E4D29F7C90E0000B38E /* Assets.xcassets */; };
		35832E5129F7C90E0000B38E /* Preview Assets.xcassets in Resources */ = {isa = PBXBuildFile; fileRef = 35832E5029F7C90E0000B38E /* Preview Assets.xcassets */; };
		35832E5929F7CDDF0000B38E /* Montserrat-Regular.ttf in Resources */ = {isa = PBXBuildFile; fileRef = 35832E5829F7CDDF0000B38E /* Montserrat-Regular.ttf */; };
		35832E5C29F7D2500000B38E /* Montserrat-SemiBold.ttf in Resources */ = {isa = PBXBuildFile; fileRef = 35832E5B29F7D2500000B38E /* Montserrat-SemiBold.ttf */; };
		35832E6029F7E6120000B38E /* LogInView.swift in Sources */ = {isa = PBXBuildFile; fileRef = 35832E5F29F7E6120000B38E /* LogInView.swift */; };
		35832E6229F7F3EB0000B38E /* ContentView.swift in Sources */ = {isa = PBXBuildFile; fileRef = 35832E6129F7F3EB0000B38E /* ContentView.swift */; };
		35832E6529F7FD5A0000B38E /* ProfileView.swift in Sources */ = {isa = PBXBuildFile; fileRef = 35832E6429F7FD5A0000B38E /* ProfileView.swift */; };
		35832E6729F80A350000B38E /* HomeView.swift in Sources */ = {isa = PBXBuildFile; fileRef = 35832E6629F80A350000B38E /* HomeView.swift */; };
		35832E6929F85D410000B38E /* FlashView.swift in Sources */ = {isa = PBXBuildFile; fileRef = 35832E6829F85D410000B38E /* FlashView.swift */; };
		35832E6B29F85D890000B38E /* LatestView.swift in Sources */ = {isa = PBXBuildFile; fileRef = 35832E6A29F85D890000B38E /* LatestView.swift */; };
		35832E6D29F862E00000B38E /* FavoritesView.swift in Sources */ = {isa = PBXBuildFile; fileRef = 35832E6C29F862E00000B38E /* FavoritesView.swift */; };
		35832E6F29F864630000B38E /* LikeView.swift in Sources */ = {isa = PBXBuildFile; fileRef = 35832E6E29F864630000B38E /* LikeView.swift */; };
		35C905172A3489AB00BEB049 /* CustomTabBarView.swift in Sources */ = {isa = PBXBuildFile; fileRef = 35C905162A3489AB00BEB049 /* CustomTabBarView.swift */; };
		35C905192A3492E000BEB049 /* CustomTabBarContainerView.swift in Sources */ = {isa = PBXBuildFile; fileRef = 35C905182A3492E000BEB049 /* CustomTabBarContainerView.swift */; };
		35C9051B2A34A1C100BEB049 /* TabBarItemsPreferenceKey.swift in Sources */ = {isa = PBXBuildFile; fileRef = 35C9051A2A34A1C100BEB049 /* TabBarItemsPreferenceKey.swift */; };
		35C9051D2A34ABE300BEB049 /* TabBarItem.swift in Sources */ = {isa = PBXBuildFile; fileRef = 35C9051C2A34ABE300BEB049 /* TabBarItem.swift */; };
		35C9051F2A34F2FA00BEB049 /* FlashModel.swift in Sources */ = {isa = PBXBuildFile; fileRef = 35C9051E2A34F2FA00BEB049 /* FlashModel.swift */; };
		AB18A8AF2A3F45FA00A1E82B /* UICollectionReusableView+extension.swift in Sources */ = {isa = PBXBuildFile; fileRef = AB18A8AE2A3F45FA00A1E82B /* UICollectionReusableView+extension.swift */; };
/* End PBXBuildFile section */

/* Begin PBXFileReference section */
		350AF0922A3661210096C895 /* ProductView.swift */ = {isa = PBXFileReference; lastKnownFileType = sourcecode.swift; path = ProductView.swift; sourceTree = "<group>"; };
		3518163F2A35D35F00FFA9E8 /* Product.swift */ = {isa = PBXFileReference; lastKnownFileType = sourcecode.swift; path = Product.swift; sourceTree = "<group>"; };
		352FBE8B29F8FCF900E0D8BA /* CartView.swift */ = {isa = PBXFileReference; lastKnownFileType = sourcecode.swift; path = CartView.swift; sourceTree = "<group>"; };
		352FBE8D29F8FE2600E0D8BA /* CartElementView.swift */ = {isa = PBXFileReference; lastKnownFileType = sourcecode.swift; path = CartElementView.swift; sourceTree = "<group>"; };
		352FBE9129F918F300E0D8BA /* User.swift */ = {isa = PBXFileReference; lastKnownFileType = sourcecode.swift; path = User.swift; sourceTree = "<group>"; };
		352FBEB829F9254500E0D8BA /* SignInViewModel.swift */ = {isa = PBXFileReference; lastKnownFileType = sourcecode.swift; path = SignInViewModel.swift; sourceTree = "<group>"; };
		352FBEBA29F92AA700E0D8BA /* ContentViewViewModel.swift */ = {isa = PBXFileReference; lastKnownFileType = sourcecode.swift; path = ContentViewViewModel.swift; sourceTree = "<group>"; };
		352FBEBC29F9317700E0D8BA /* LogInViewViewModel.swift */ = {isa = PBXFileReference; lastKnownFileType = sourcecode.swift; path = LogInViewViewModel.swift; sourceTree = "<group>"; };
		3544D3852A31149800FCE6DF /* View+extension.swift */ = {isa = PBXFileReference; lastKnownFileType = sourcecode.swift; path = "View+extension.swift"; sourceTree = "<group>"; };
		3544D3882A31246000FCE6DF /* NetworkManager.swift */ = {isa = PBXFileReference; lastKnownFileType = sourcecode.swift; path = NetworkManager.swift; sourceTree = "<group>"; };
		3544D38A2A3125FA00FCE6DF /* LatestsModel.swift */ = {isa = PBXFileReference; lastKnownFileType = sourcecode.swift; path = LatestsModel.swift; sourceTree = "<group>"; };
		35832E4629F7C90B0000B38E /* AwesomeStore.app */ = {isa = PBXFileReference; explicitFileType = wrapper.application; includeInIndex = 0; path = AwesomeStore.app; sourceTree = BUILT_PRODUCTS_DIR; };
		35832E4929F7C90B0000B38E /* AwesomeStoreApp.swift */ = {isa = PBXFileReference; lastKnownFileType = sourcecode.swift; path = AwesomeStoreApp.swift; sourceTree = "<group>"; };
		35832E4B29F7C90B0000B38E /* SignInView.swift */ = {isa = PBXFileReference; lastKnownFileType = sourcecode.swift; path = SignInView.swift; sourceTree = "<group>"; };
		35832E4D29F7C90E0000B38E /* Assets.xcassets */ = {isa = PBXFileReference; lastKnownFileType = folder.assetcatalog; path = Assets.xcassets; sourceTree = "<group>"; };
		35832E5029F7C90E0000B38E /* Preview Assets.xcassets */ = {isa = PBXFileReference; lastKnownFileType = folder.assetcatalog; path = "Preview Assets.xcassets"; sourceTree = "<group>"; };
		35832E5829F7CDDF0000B38E /* Montserrat-Regular.ttf */ = {isa = PBXFileReference; lastKnownFileType = file; path = "Montserrat-Regular.ttf"; sourceTree = "<group>"; };
		35832E5A29F7CE450000B38E /* Info.plist */ = {isa = PBXFileReference; lastKnownFileType = text.plist; path = Info.plist; sourceTree = "<group>"; };
		35832E5B29F7D2500000B38E /* Montserrat-SemiBold.ttf */ = {isa = PBXFileReference; lastKnownFileType = file; path = "Montserrat-SemiBold.ttf"; sourceTree = "<group>"; };
		35832E5F29F7E6120000B38E /* LogInView.swift */ = {isa = PBXFileReference; lastKnownFileType = sourcecode.swift; path = LogInView.swift; sourceTree = "<group>"; };
		35832E6129F7F3EB0000B38E /* ContentView.swift */ = {isa = PBXFileReference; lastKnownFileType = sourcecode.swift; path = ContentView.swift; sourceTree = "<group>"; };
		35832E6429F7FD5A0000B38E /* ProfileView.swift */ = {isa = PBXFileReference; lastKnownFileType = sourcecode.swift; path = ProfileView.swift; sourceTree = "<group>"; };
		35832E6629F80A350000B38E /* HomeView.swift */ = {isa = PBXFileReference; lastKnownFileType = sourcecode.swift; path = HomeView.swift; sourceTree = "<group>"; };
		35832E6829F85D410000B38E /* FlashView.swift */ = {isa = PBXFileReference; lastKnownFileType = sourcecode.swift; path = FlashView.swift; sourceTree = "<group>"; };
		35832E6A29F85D890000B38E /* LatestView.swift */ = {isa = PBXFileReference; lastKnownFileType = sourcecode.swift; path = LatestView.swift; sourceTree = "<group>"; };
		35832E6C29F862E00000B38E /* FavoritesView.swift */ = {isa = PBXFileReference; lastKnownFileType = sourcecode.swift; path = FavoritesView.swift; sourceTree = "<group>"; };
		35832E6E29F864630000B38E /* LikeView.swift */ = {isa = PBXFileReference; lastKnownFileType = sourcecode.swift; path = LikeView.swift; sourceTree = "<group>"; };
		35C905162A3489AB00BEB049 /* CustomTabBarView.swift */ = {isa = PBXFileReference; lastKnownFileType = sourcecode.swift; path = CustomTabBarView.swift; sourceTree = "<group>"; };
		35C905182A3492E000BEB049 /* CustomTabBarContainerView.swift */ = {isa = PBXFileReference; lastKnownFileType = sourcecode.swift; path = CustomTabBarContainerView.swift; sourceTree = "<group>"; };
		35C9051A2A34A1C100BEB049 /* TabBarItemsPreferenceKey.swift */ = {isa = PBXFileReference; lastKnownFileType = sourcecode.swift; path = TabBarItemsPreferenceKey.swift; sourceTree = "<group>"; };
		35C9051C2A34ABE300BEB049 /* TabBarItem.swift */ = {isa = PBXFileReference; lastKnownFileType = sourcecode.swift; path = TabBarItem.swift; sourceTree = "<group>"; };
		35C9051E2A34F2FA00BEB049 /* FlashModel.swift */ = {isa = PBXFileReference; lastKnownFileType = sourcecode.swift; path = FlashModel.swift; sourceTree = "<group>"; };
		AB18A8AE2A3F45FA00A1E82B /* UICollectionReusableView+extension.swift */ = {isa = PBXFileReference; lastKnownFileType = sourcecode.swift; path = "UICollectionReusableView+extension.swift"; sourceTree = "<group>"; };
/* End PBXFileReference section */

/* Begin PBXFrameworksBuildPhase section */
		35832E4329F7C90B0000B38E /* Frameworks */ = {
			isa = PBXFrameworksBuildPhase;
			buildActionMask = 2147483647;
			files = (
			);
			runOnlyForDeploymentPostprocessing = 0;
		};
/* End PBXFrameworksBuildPhase section */

/* Begin PBXGroup section */
		352F0AA62A338A56006052AA /* SubViews */ = {
			isa = PBXGroup;
			children = (
				35832E6A29F85D890000B38E /* LatestView.swift */,
				35832E6829F85D410000B38E /* FlashView.swift */,
				35832E6E29F864630000B38E /* LikeView.swift */,
				352FBE8D29F8FE2600E0D8BA /* CartElementView.swift */,
				350AF0922A3661210096C895 /* ProductView.swift */,
			);
			path = SubViews;
			sourceTree = "<group>";
		};
		352FBE8F29F918B700E0D8BA /* ViewModels */ = {
			isa = PBXGroup;
			children = (
				352FBEB829F9254500E0D8BA /* SignInViewModel.swift */,
				352FBEBC29F9317700E0D8BA /* LogInViewViewModel.swift */,
				352FBEBA29F92AA700E0D8BA /* ContentViewViewModel.swift */,
			);
			path = ViewModels;
			sourceTree = "<group>";
		};
		352FBE9029F918C600E0D8BA /* Models */ = {
			isa = PBXGroup;
			children = (
				352FBE9129F918F300E0D8BA /* User.swift */,
				3544D38A2A3125FA00FCE6DF /* LatestsModel.swift */,
				35C9051E2A34F2FA00BEB049 /* FlashModel.swift */,
				3518163F2A35D35F00FFA9E8 /* Product.swift */,
			);
			path = Models;
			sourceTree = "<group>";
		};
		352FBEBE29F9321E00E0D8BA /* ContainerViews */ = {
			isa = PBXGroup;
			children = (
				352F0AA62A338A56006052AA /* SubViews */,
				35832E6629F80A350000B38E /* HomeView.swift */,
				35832E6C29F862E00000B38E /* FavoritesView.swift */,
				352FBE8B29F8FCF900E0D8BA /* CartView.swift */,
				35832E6429F7FD5A0000B38E /* ProfileView.swift */,
			);
			path = ContainerViews;
			sourceTree = "<group>";
		};
		3544D3842A3113D000FCE6DF /* Extensions */ = {
			isa = PBXGroup;
			children = (
				3544D3852A31149800FCE6DF /* View+extension.swift */,
				AB18A8AE2A3F45FA00A1E82B /* UICollectionReusableView+extension.swift */,
			);
			path = Extensions;
			sourceTree = "<group>";
		};
		3544D3872A31241900FCE6DF /* Services */ = {
			isa = PBXGroup;
			children = (
				3544D3882A31246000FCE6DF /* NetworkManager.swift */,
			);
			path = Services;
			sourceTree = "<group>";
		};
		35832E3D29F7C90B0000B38E = {
			isa = PBXGroup;
			children = (
				35832E4829F7C90B0000B38E /* AwesomeStore */,
				35832E4729F7C90B0000B38E /* Products */,
			);
			sourceTree = "<group>";
		};
		35832E4729F7C90B0000B38E /* Products */ = {
			isa = PBXGroup;
			children = (
				35832E4629F7C90B0000B38E /* AwesomeStore.app */,
			);
			name = Products;
			sourceTree = "<group>";
		};
		35832E4829F7C90B0000B38E /* AwesomeStore */ = {
			isa = PBXGroup;
			children = (
				3544D3872A31241900FCE6DF /* Services */,
				3544D3842A3113D000FCE6DF /* Extensions */,
				35832E4929F7C90B0000B38E /* AwesomeStoreApp.swift */,
				352FBE9029F918C600E0D8BA /* Models */,
				35832E6329F7FD350000B38E /* Views */,
				352FBE8F29F918B700E0D8BA /* ViewModels */,
				35832E4D29F7C90E0000B38E /* Assets.xcassets */,
				35832E5729F7CDC40000B38E /* Fonts */,
				35832E5A29F7CE450000B38E /* Info.plist */,
				35832E4F29F7C90E0000B38E /* Preview Content */,
			);
			path = AwesomeStore;
			sourceTree = "<group>";
		};
		35832E4F29F7C90E0000B38E /* Preview Content */ = {
			isa = PBXGroup;
			children = (
				35832E5029F7C90E0000B38E /* Preview Assets.xcassets */,
			);
			path = "Preview Content";
			sourceTree = "<group>";
		};
		35832E5729F7CDC40000B38E /* Fonts */ = {
			isa = PBXGroup;
			children = (
				35832E5B29F7D2500000B38E /* Montserrat-SemiBold.ttf */,
				35832E5829F7CDDF0000B38E /* Montserrat-Regular.ttf */,
			);
			path = Fonts;
			sourceTree = "<group>";
		};
		35832E6329F7FD350000B38E /* Views */ = {
			isa = PBXGroup;
			children = (
				35C905132A3481AB00BEB049 /* CustomTabBarView */,
				352FBEBE29F9321E00E0D8BA /* ContainerViews */,
				35832E4B29F7C90B0000B38E /* SignInView.swift */,
				35832E5F29F7E6120000B38E /* LogInView.swift */,
				35832E6129F7F3EB0000B38E /* ContentView.swift */,
			);
			path = Views;
			sourceTree = "<group>";
		};
		35C905132A3481AB00BEB049 /* CustomTabBarView */ = {
			isa = PBXGroup;
			children = (
				35C905162A3489AB00BEB049 /* CustomTabBarView.swift */,
				35C905182A3492E000BEB049 /* CustomTabBarContainerView.swift */,
				35C9051A2A34A1C100BEB049 /* TabBarItemsPreferenceKey.swift */,
				35C9051C2A34ABE300BEB049 /* TabBarItem.swift */,
			);
			path = CustomTabBarView;
			sourceTree = "<group>";
		};
/* End PBXGroup section */

/* Begin PBXNativeTarget section */
		35832E4529F7C90B0000B38E /* AwesomeStore */ = {
			isa = PBXNativeTarget;
			buildConfigurationList = 35832E5429F7C90E0000B38E /* Build configuration list for PBXNativeTarget "AwesomeStore" */;
			buildPhases = (
				35832E4229F7C90B0000B38E /* Sources */,
				35832E4329F7C90B0000B38E /* Frameworks */,
				35832E4429F7C90B0000B38E /* Resources */,
			);
			buildRules = (
			);
			dependencies = (
			);
			name = AwesomeStore;
			productName = AwesomeStore;
			productReference = 35832E4629F7C90B0000B38E /* AwesomeStore.app */;
			productType = "com.apple.product-type.application";
		};
/* End PBXNativeTarget section */

/* Begin PBXProject section */
		35832E3E29F7C90B0000B38E /* Project object */ = {
			isa = PBXProject;
			attributes = {
				BuildIndependentTargetsInParallel = 1;
				LastSwiftUpdateCheck = 1420;
				LastUpgradeCheck = 1420;
				TargetAttributes = {
					35832E4529F7C90B0000B38E = {
						CreatedOnToolsVersion = 14.2;
					};
				};
			};
			buildConfigurationList = 35832E4129F7C90B0000B38E /* Build configuration list for PBXProject "AwesomeStore" */;
			compatibilityVersion = "Xcode 14.0";
			developmentRegion = en;
			hasScannedForEncodings = 0;
			knownRegions = (
				en,
				Base,
			);
			mainGroup = 35832E3D29F7C90B0000B38E;
			productRefGroup = 35832E4729F7C90B0000B38E /* Products */;
			projectDirPath = "";
			projectRoot = "";
			targets = (
				35832E4529F7C90B0000B38E /* AwesomeStore */,
			);
		};
/* End PBXProject section */

/* Begin PBXResourcesBuildPhase section */
		35832E4429F7C90B0000B38E /* Resources */ = {
			isa = PBXResourcesBuildPhase;
			buildActionMask = 2147483647;
			files = (
				35832E5929F7CDDF0000B38E /* Montserrat-Regular.ttf in Resources */,
				35832E5129F7C90E0000B38E /* Preview Assets.xcassets in Resources */,
				35832E5C29F7D2500000B38E /* Montserrat-SemiBold.ttf in Resources */,
				35832E4E29F7C90E0000B38E /* Assets.xcassets in Resources */,
			);
			runOnlyForDeploymentPostprocessing = 0;
		};
/* End PBXResourcesBuildPhase section */

/* Begin PBXSourcesBuildPhase section */
		35832E4229F7C90B0000B38E /* Sources */ = {
			isa = PBXSourcesBuildPhase;
			buildActionMask = 2147483647;
			files = (
				3544D3892A31246000FCE6DF /* NetworkManager.swift in Sources */,
				352FBE9229F918F300E0D8BA /* User.swift in Sources */,
				35832E6029F7E6120000B38E /* LogInView.swift in Sources */,
				35832E4C29F7C90B0000B38E /* SignInView.swift in Sources */,
				352FBEBD29F9317700E0D8BA /* LogInViewViewModel.swift in Sources */,
				3544D3862A31149800FCE6DF /* View+extension.swift in Sources */,
				35832E6529F7FD5A0000B38E /* ProfileView.swift in Sources */,
				351816402A35D35F00FFA9E8 /* Product.swift in Sources */,
				35832E6B29F85D890000B38E /* LatestView.swift in Sources */,
				350AF0932A3661210096C895 /* ProductView.swift in Sources */,
				35832E6729F80A350000B38E /* HomeView.swift in Sources */,
				35832E6229F7F3EB0000B38E /* ContentView.swift in Sources */,
				35C9051D2A34ABE300BEB049 /* TabBarItem.swift in Sources */,
				352FBE8C29F8FCF900E0D8BA /* CartView.swift in Sources */,
				352FBEB929F9254500E0D8BA /* SignInViewModel.swift in Sources */,
				35C905192A3492E000BEB049 /* CustomTabBarContainerView.swift in Sources */,
				35C9051B2A34A1C100BEB049 /* TabBarItemsPreferenceKey.swift in Sources */,
				35832E4A29F7C90B0000B38E /* AwesomeStoreApp.swift in Sources */,
				35832E6F29F864630000B38E /* LikeView.swift in Sources */,
				35832E6D29F862E00000B38E /* FavoritesView.swift in Sources */,
				35C9051F2A34F2FA00BEB049 /* FlashModel.swift in Sources */,
				35832E6929F85D410000B38E /* FlashView.swift in Sources */,
				352FBE8E29F8FE2600E0D8BA /* CartElementView.swift in Sources */,
				AB18A8AF2A3F45FA00A1E82B /* UICollectionReusableView+extension.swift in Sources */,
				3544D38B2A3125FA00FCE6DF /* LatestsModel.swift in Sources */,
				352FBEBB29F92AA700E0D8BA /* ContentViewViewModel.swift in Sources */,
				35C905172A3489AB00BEB049 /* CustomTabBarView.swift in Sources */,
			);
			runOnlyForDeploymentPostprocessing = 0;
		};
/* End PBXSourcesBuildPhase section */

/* Begin XCBuildConfiguration section */
		35832E5229F7C90E0000B38E /* Debug */ = {
			isa = XCBuildConfiguration;
			buildSettings = {
				ALWAYS_SEARCH_USER_PATHS = NO;
				CLANG_ANALYZER_NONNULL = YES;
				CLANG_ANALYZER_NUMBER_OBJECT_CONVERSION = YES_AGGRESSIVE;
				CLANG_CXX_LANGUAGE_STANDARD = "gnu++20";
				CLANG_ENABLE_MODULES = YES;
				CLANG_ENABLE_OBJC_ARC = YES;
				CLANG_ENABLE_OBJC_WEAK = YES;
				CLANG_WARN_BLOCK_CAPTURE_AUTORELEASING = YES;
				CLANG_WARN_BOOL_CONVERSION = YES;
				CLANG_WARN_COMMA = YES;
				CLANG_WARN_CONSTANT_CONVERSION = YES;
				CLANG_WARN_DEPRECATED_OBJC_IMPLEMENTATIONS = YES;
				CLANG_WARN_DIRECT_OBJC_ISA_USAGE = YES_ERROR;
				CLANG_WARN_DOCUMENTATION_COMMENTS = YES;
				CLANG_WARN_EMPTY_BODY = YES;
				CLANG_WARN_ENUM_CONVERSION = YES;
				CLANG_WARN_INFINITE_RECURSION = YES;
				CLANG_WARN_INT_CONVERSION = YES;
				CLANG_WARN_NON_LITERAL_NULL_CONVERSION = YES;
				CLANG_WARN_OBJC_IMPLICIT_RETAIN_SELF = YES;
				CLANG_WARN_OBJC_LITERAL_CONVERSION = YES;
				CLANG_WARN_OBJC_ROOT_CLASS = YES_ERROR;
				CLANG_WARN_QUOTED_INCLUDE_IN_FRAMEWORK_HEADER = YES;
				CLANG_WARN_RANGE_LOOP_ANALYSIS = YES;
				CLANG_WARN_STRICT_PROTOTYPES = YES;
				CLANG_WARN_SUSPICIOUS_MOVE = YES;
				CLANG_WARN_UNGUARDED_AVAILABILITY = YES_AGGRESSIVE;
				CLANG_WARN_UNREACHABLE_CODE = YES;
				CLANG_WARN__DUPLICATE_METHOD_MATCH = YES;
				COPY_PHASE_STRIP = NO;
				DEBUG_INFORMATION_FORMAT = dwarf;
				ENABLE_STRICT_OBJC_MSGSEND = YES;
				ENABLE_TESTABILITY = YES;
				GCC_C_LANGUAGE_STANDARD = gnu11;
				GCC_DYNAMIC_NO_PIC = NO;
				GCC_NO_COMMON_BLOCKS = YES;
				GCC_OPTIMIZATION_LEVEL = 0;
				GCC_PREPROCESSOR_DEFINITIONS = (
					"DEBUG=1",
					"$(inherited)",
				);
				GCC_WARN_64_TO_32_BIT_CONVERSION = YES;
				GCC_WARN_ABOUT_RETURN_TYPE = YES_ERROR;
				GCC_WARN_UNDECLARED_SELECTOR = YES;
				GCC_WARN_UNINITIALIZED_AUTOS = YES_AGGRESSIVE;
				GCC_WARN_UNUSED_FUNCTION = YES;
				GCC_WARN_UNUSED_VARIABLE = YES;
				IPHONEOS_DEPLOYMENT_TARGET = 16.2;
				MTL_ENABLE_DEBUG_INFO = INCLUDE_SOURCE;
				MTL_FAST_MATH = YES;
				ONLY_ACTIVE_ARCH = YES;
				SDKROOT = iphoneos;
				SWIFT_ACTIVE_COMPILATION_CONDITIONS = DEBUG;
				SWIFT_OPTIMIZATION_LEVEL = "-Onone";
			};
			name = Debug;
		};
		35832E5329F7C90E0000B38E /* Release */ = {
			isa = XCBuildConfiguration;
			buildSettings = {
				ALWAYS_SEARCH_USER_PATHS = NO;
				CLANG_ANALYZER_NONNULL = YES;
				CLANG_ANALYZER_NUMBER_OBJECT_CONVERSION = YES_AGGRESSIVE;
				CLANG_CXX_LANGUAGE_STANDARD = "gnu++20";
				CLANG_ENABLE_MODULES = YES;
				CLANG_ENABLE_OBJC_ARC = YES;
				CLANG_ENABLE_OBJC_WEAK = YES;
				CLANG_WARN_BLOCK_CAPTURE_AUTORELEASING = YES;
				CLANG_WARN_BOOL_CONVERSION = YES;
				CLANG_WARN_COMMA = YES;
				CLANG_WARN_CONSTANT_CONVERSION = YES;
				CLANG_WARN_DEPRECATED_OBJC_IMPLEMENTATIONS = YES;
				CLANG_WARN_DIRECT_OBJC_ISA_USAGE = YES_ERROR;
				CLANG_WARN_DOCUMENTATION_COMMENTS = YES;
				CLANG_WARN_EMPTY_BODY = YES;
				CLANG_WARN_ENUM_CONVERSION = YES;
				CLANG_WARN_INFINITE_RECURSION = YES;
				CLANG_WARN_INT_CONVERSION = YES;
				CLANG_WARN_NON_LITERAL_NULL_CONVERSION = YES;
				CLANG_WARN_OBJC_IMPLICIT_RETAIN_SELF = YES;
				CLANG_WARN_OBJC_LITERAL_CONVERSION = YES;
				CLANG_WARN_OBJC_ROOT_CLASS = YES_ERROR;
				CLANG_WARN_QUOTED_INCLUDE_IN_FRAMEWORK_HEADER = YES;
				CLANG_WARN_RANGE_LOOP_ANALYSIS = YES;
				CLANG_WARN_STRICT_PROTOTYPES = YES;
				CLANG_WARN_SUSPICIOUS_MOVE = YES;
				CLANG_WARN_UNGUARDED_AVAILABILITY = YES_AGGRESSIVE;
				CLANG_WARN_UNREACHABLE_CODE = YES;
				CLANG_WARN__DUPLICATE_METHOD_MATCH = YES;
				COPY_PHASE_STRIP = NO;
				DEBUG_INFORMATION_FORMAT = "dwarf-with-dsym";
				ENABLE_NS_ASSERTIONS = NO;
				ENABLE_STRICT_OBJC_MSGSEND = YES;
				GCC_C_LANGUAGE_STANDARD = gnu11;
				GCC_NO_COMMON_BLOCKS = YES;
				GCC_WARN_64_TO_32_BIT_CONVERSION = YES;
				GCC_WARN_ABOUT_RETURN_TYPE = YES_ERROR;
				GCC_WARN_UNDECLARED_SELECTOR = YES;
				GCC_WARN_UNINITIALIZED_AUTOS = YES_AGGRESSIVE;
				GCC_WARN_UNUSED_FUNCTION = YES;
				GCC_WARN_UNUSED_VARIABLE = YES;
				IPHONEOS_DEPLOYMENT_TARGET = 16.2;
				MTL_ENABLE_DEBUG_INFO = NO;
				MTL_FAST_MATH = YES;
				SDKROOT = iphoneos;
				SWIFT_COMPILATION_MODE = wholemodule;
				SWIFT_OPTIMIZATION_LEVEL = "-O";
				VALIDATE_PRODUCT = YES;
			};
			name = Release;
		};
		35832E5529F7C90E0000B38E /* Debug */ = {
			isa = XCBuildConfiguration;
			buildSettings = {
				ASSETCATALOG_COMPILER_APPICON_NAME = AppIcon;
				ASSETCATALOG_COMPILER_GLOBAL_ACCENT_COLOR_NAME = AccentColor;
				CODE_SIGN_STYLE = Automatic;
				CURRENT_PROJECT_VERSION = 1;
				DEVELOPMENT_ASSET_PATHS = "\"AwesomeStore/Preview Content\"";
				DEVELOPMENT_TEAM = TGHY26G8ZU;
				ENABLE_PREVIEWS = YES;
				GENERATE_INFOPLIST_FILE = YES;
				INFOPLIST_FILE = AwesomeStore/Info.plist;
				INFOPLIST_KEY_UIApplicationSceneManifest_Generation = YES;
				INFOPLIST_KEY_UIApplicationSupportsIndirectInputEvents = YES;
				INFOPLIST_KEY_UILaunchScreen_Generation = YES;
				INFOPLIST_KEY_UISupportedInterfaceOrientations_iPad = "UIInterfaceOrientationPortrait UIInterfaceOrientationPortraitUpsideDown UIInterfaceOrientationLandscapeLeft UIInterfaceOrientationLandscapeRight";
				INFOPLIST_KEY_UISupportedInterfaceOrientations_iPhone = "UIInterfaceOrientationPortrait UIInterfaceOrientationLandscapeLeft UIInterfaceOrientationLandscapeRight";
				IPHONEOS_DEPLOYMENT_TARGET = 15.0;
				LD_RUNPATH_SEARCH_PATHS = (
					"$(inherited)",
					"@executable_path/Frameworks",
				);
				MARKETING_VERSION = 1.0;
				PRODUCT_BUNDLE_IDENTIFIER = Pigeonva.AwesomeStore;
				PRODUCT_NAME = "$(TARGET_NAME)";
				SWIFT_EMIT_LOC_STRINGS = YES;
				SWIFT_VERSION = 5.0;
				TARGETED_DEVICE_FAMILY = "1,2";
			};
			name = Debug;
		};
		35832E5629F7C90E0000B38E /* Release */ = {
			isa = XCBuildConfiguration;
			buildSettings = {
				ASSETCATALOG_COMPILER_APPICON_NAME = AppIcon;
				ASSETCATALOG_COMPILER_GLOBAL_ACCENT_COLOR_NAME = AccentColor;
				CODE_SIGN_STYLE = Automatic;
				CURRENT_PROJECT_VERSION = 1;
				DEVELOPMENT_ASSET_PATHS = "\"AwesomeStore/Preview Content\"";
				DEVELOPMENT_TEAM = TGHY26G8ZU;
				ENABLE_PREVIEWS = YES;
				GENERATE_INFOPLIST_FILE = YES;
				INFOPLIST_FILE = AwesomeStore/Info.plist;
				INFOPLIST_KEY_UIApplicationSceneManifest_Generation = YES;
				INFOPLIST_KEY_UIApplicationSupportsIndirectInputEvents = YES;
				INFOPLIST_KEY_UILaunchScreen_Generation = YES;
				INFOPLIST_KEY_UISupportedInterfaceOrientations_iPad = "UIInterfaceOrientationPortrait UIInterfaceOrientationPortraitUpsideDown UIInterfaceOrientationLandscapeLeft UIInterfaceOrientationLandscapeRight";
				INFOPLIST_KEY_UISupportedInterfaceOrientations_iPhone = "UIInterfaceOrientationPortrait UIInterfaceOrientationLandscapeLeft UIInterfaceOrientationLandscapeRight";
				IPHONEOS_DEPLOYMENT_TARGET = 15.0;
				LD_RUNPATH_SEARCH_PATHS = (
					"$(inherited)",
					"@executable_path/Frameworks",
				);
				MARKETING_VERSION = 1.0;
				PRODUCT_BUNDLE_IDENTIFIER = Pigeonva.AwesomeStore;
				PRODUCT_NAME = "$(TARGET_NAME)";
				SWIFT_EMIT_LOC_STRINGS = YES;
				SWIFT_VERSION = 5.0;
				TARGETED_DEVICE_FAMILY = "1,2";
			};
			name = Release;
		};
/* End XCBuildConfiguration section */

/* Begin XCConfigurationList section */
		35832E4129F7C90B0000B38E /* Build configuration list for PBXProject "AwesomeStore" */ = {
			isa = XCConfigurationList;
			buildConfigurations = (
				35832E5229F7C90E0000B38E /* Debug */,
				35832E5329F7C90E0000B38E /* Release */,
			);
			defaultConfigurationIsVisible = 0;
			defaultConfigurationName = Release;
		};
		35832E5429F7C90E0000B38E /* Build configuration list for PBXNativeTarget "AwesomeStore" */ = {
			isa = XCConfigurationList;
			buildConfigurations = (
				35832E5529F7C90E0000B38E /* Debug */,
				35832E5629F7C90E0000B38E /* Release */,
			);
			defaultConfigurationIsVisible = 0;
			defaultConfigurationName = Release;
		};
/* End XCConfigurationList section */
	};
	rootObject = 35832E3E29F7C90B0000B38E /* Project object */;
}
